# THIS IS AN AUTOGENERATED FILE. DO NOT EDIT THIS FILE DIRECTLY.
# yarn lockfile v1


"@abp/aspnetcore.mvc.ui.theme.shared@~10.2.0":
  version "10.2.0"
  resolved "https://registry.yarnpkg.com/@abp/aspnetcore.mvc.ui.theme.shared/-/aspnetcore.mvc.ui.theme.shared-10.2.0.tgz#8ffa5b0c7bd3e475467a2bf78778e29fa7865b4b"
  integrity sha512-YcsKUp1EXXto7HqGqgEcu2sLXx6WKr0awcOVb/QW638hKhpJsF8hewcSfjnQW0TjO6hanELH73Mf5ExaU1ZuVg==
  dependencies:
    "@abp/aspnetcore.mvc.ui" "~10.2.0"
    "@abp/bootstrap" "~10.2.0"
    "@abp/bootstrap-datepicker" "~10.2.0"
    "@abp/bootstrap-daterangepicker" "~10.2.0"
    "@abp/datatables.net-bs5" "~10.2.0"
    "@abp/font-awesome" "~10.2.0"
    "@abp/jquery-validation-unobtrusive" "~10.2.0"
    "@abp/lodash" "~10.2.0"
    "@abp/luxon" "~10.2.0"
    "@abp/malihu-custom-scrollbar-plugin" "~10.2.0"
    "@abp/moment" "~10.2.0"
    "@abp/select2" "~10.2.0"
    "@abp/sweetalert2" "~10.2.0"
    "@abp/timeago" "~10.2.0"

"@abp/aspnetcore.mvc.ui@~10.2.0":
  version "10.2.0"
  resolved "https://registry.yarnpkg.com/@abp/aspnetcore.mvc.ui/-/aspnetcore.mvc.ui-10.2.0.tgz#5557b882782eb41676aa47a98b57956ab9f595be"
  integrity sha512-ZE7+3tQ0UdejIj5fCgfS6kwpmOD74v3gpdqMElBktnAhQb+tWGWnNG+uAEsqGW7zNuG+iX1iVGVKBnFs/cUB8g==
  dependencies:
    ansi-colors "^4.1.3"

"@abp/bootstrap-datepicker@~10.2.0":
  version "10.2.0"
  resolved "https://registry.yarnpkg.com/@abp/bootstrap-datepicker/-/bootstrap-datepicker-10.2.0.tgz#3f23d0ca2beaea419fe6d7afacaeb9320385a38a"
  integrity sha512-eE79tvMOT9LpgeJH+TuOWKL1egioSIg6e+Z7Ob3mysNEPhojVy+r2CL6LKzC159mkbZAJnHIb1F22SLpCngpUw==
  dependencies:
    bootstrap-datepicker "^1.10.1"

"@abp/bootstrap-daterangepicker@~10.2.0":
  version "10.2.0"
  resolved "https://registry.yarnpkg.com/@abp/bootstrap-daterangepicker/-/bootstrap-daterangepicker-10.2.0.tgz#d72235dc8f9598946b23f8c71f38163014dd1dcf"
  integrity sha512-gsaSGH8TkmZWa/H9kfMcfV2nsewsy1q7D0A3bbQxTwrVRE4s7NkEnQdMjnRC7GnTgqyGpcL+CHDDDwXtQmk9CA==
  dependencies:
    "@abp/moment" "~10.2.0"
    bootstrap-daterangepicker "^3.1.0"

"@abp/bootstrap@~10.2.0":
  version "10.2.0"
  resolved "https://registry.yarnpkg.com/@abp/bootstrap/-/bootstrap-10.2.0.tgz#fec6c2154eb6bdd39b7f6546531062a2edf35c9e"
  integrity sha512-ktD28MA1Sz913hIeZEABEomS5f3G98Yj5V6OLE3WUNXqp7yhuI4sKxTG6G/gvVyItcWivU04ADyBjNiBC7tPgA==
  dependencies:
    "@abp/core" "~10.2.0"
    "@abp/popper.js" "~10.2.0"
    bootstrap "^5.3.8"

"@abp/core@~10.2.0":
  version "10.2.0"
  resolved "https://registry.yarnpkg.com/@abp/core/-/core-10.2.0.tgz#4d7b8a86d4ad9d32b5b25c3bdc7d6a27f4b21660"
  integrity sha512-ihAGRPkgsGO8FM4F/aIKD0KnbeidJdbwSIEPWoSLGF7UREclVqFDjjX7HIRNmJafP95vdu4Nc6h387smCHkj2A==
  dependencies:
    "@abp/utils" "~10.2.0"

"@abp/cropperjs@~10.2.0":
  version "10.2.0"
  resolved "https://registry.yarnpkg.com/@abp/cropperjs/-/cropperjs-10.2.0.tgz#63be23d99d72b6d0d1cb0eefbe71eca1bcb0d9dd"
  integrity sha512-VAqANNNaXSulZr6aeJu33gg8tKLgOSy3Vj8bMj8ZGFX9ZO5fHYkwKpDUgWkisAU9KVv8K+v4maxbFkNO6x7r+g==
  dependencies:
    "@abp/core" "~10.2.0"
    cropperjs "^1.6.2"

"@abp/datatables.net-bs5@~10.2.0":
  version "10.2.0"
  resolved "https://registry.yarnpkg.com/@abp/datatables.net-bs5/-/datatables.net-bs5-10.2.0.tgz#7241d0a6892cb480a00b99323176430090f9a538"
  integrity sha512-OfY3Y5qTroL7WcdeMK3837t6TMZ4BBgUcjaSM6ULNf4q7zaOD29hZkBmu9P1CXqVlTk5PRvk9dCdApSAsE+hzQ==
  dependencies:
    "@abp/datatables.net" "~10.2.0"
    datatables.net-bs5 "^2.3.4"

"@abp/datatables.net@~10.2.0":
  version "10.2.0"
  resolved "https://registry.yarnpkg.com/@abp/datatables.net/-/datatables.net-10.2.0.tgz#80ee19a04b08a0f85079b16e7eb56f136eff5b67"
  integrity sha512-IISFz6NEmTRTKzI471vdkuG6NbDxcXsXVGqSbKvg0jeOxrZ/yqzx2gy8oVdPoSDyUovYXKS3qXBUrY6ishK87g==
  dependencies:
    "@abp/jquery" "~10.2.0"
    datatables.net "^2.3.4"

"@abp/font-awesome@~10.2.0":
  version "10.2.0"
  resolved "https://registry.yarnpkg.com/@abp/font-awesome/-/font-awesome-10.2.0.tgz#3f7e4da846679caa16c6df3a4dfc7b546a834e8b"
  integrity sha512-Hg7MEbfSSn+ZLxdqRsU9Yb44jRMbVrcXhyy6fzJD7IGeLHa7G9piJdGFVvGXaI63uDTRGwbEQTsKDB6dCHf5lw==
  dependencies:
    "@abp/core" "~10.2.0"
    "@fortawesome/fontawesome-free" "^7.0.1"

"@abp/jquery-validation-unobtrusive@~10.2.0":
  version "10.2.0"
  resolved "https://registry.yarnpkg.com/@abp/jquery-validation-unobtrusive/-/jquery-validation-unobtrusive-10.2.0.tgz#74d5d14cdb010d0d2120c0b64f676b33cfa68825"
  integrity sha512-KOxkdwjwxXmeteJdhIfo9V4zQXYxHqLOgFyO8oyMHvqzFxIgrobuKjqC8nhyL6bOo6+0GjRrunKe9NBtFyhExQ==
  dependencies:
    "@abp/jquery-validation" "~10.2.0"
    jquery-validation-unobtrusive "^4.0.0"

"@abp/jquery-validation@~10.2.0":
  version "10.2.0"
  resolved "https://registry.yarnpkg.com/@abp/jquery-validation/-/jquery-validation-10.2.0.tgz#c2faa68858e567fa9244dfba919a782c908cf4a9"
  integrity sha512-SfELSTwfWNhl97qpmp76u5eeitgOAMScSKxurdpb4GefBHVn11kPQQbjz48ap2+n6pFf9Xt/khqw8ifmfE6Etg==
  dependencies:
    "@abp/jquery" "~10.2.0"
    jquery-validation "^1.21.0"

"@abp/jquery@~10.2.0":
  version "10.2.0"
  resolved "https://registry.yarnpkg.com/@abp/jquery/-/jquery-10.2.0.tgz#9efd1096c21e7dd3a7f6b524dd7246431d3091cb"
  integrity sha512-Fd0XsXSq0H9LN0/USD3pVrCv566GKjlKZ3m3/sJqVKvQlt6xT52qpzjCC1qL4hAYyz5McvweYVTSJS+tgIDHKA==
  dependencies:
    "@abp/core" "~10.2.0"
    jquery "~3.7.1"

"@abp/lodash@~10.2.0":
  version "10.2.0"
  resolved "https://registry.yarnpkg.com/@abp/lodash/-/lodash-10.2.0.tgz#6f17a4d988b63b58d8bf40d54fcc8f28ca4f1772"
  integrity sha512-ORaJernQtS5VW8lky1okdzYAZzM6kKyaJnwGCBHNZozVuWy2oqD7a35Mcsnw8jgeOsMz/HtnHha2JDQcMfOPCQ==
  dependencies:
    "@abp/core" "~10.2.0"
    lodash "^4.17.21"

"@abp/luxon@~10.2.0":
  version "10.2.0"
  resolved "https://registry.yarnpkg.com/@abp/luxon/-/luxon-10.2.0.tgz#312afcdecf0463deeee2fbfd815fca07e6beb969"
  integrity sha512-NvLgl5sRlR9l7OUmRjlv1bZEHnzZTINwHgKIHdSC4lbDy4S8PF7Atv4BI9ShnwHgOpSUFhBeot7TUefx4+/BJA==
  dependencies:
    "@abp/core" "~10.2.0"
    luxon "^3.7.2"

"@abp/malihu-custom-scrollbar-plugin@~10.2.0":
  version "10.2.0"
  resolved "https://registry.yarnpkg.com/@abp/malihu-custom-scrollbar-plugin/-/malihu-custom-scrollbar-plugin-10.2.0.tgz#63a39c0de3b8d426550c331b7c2678139ab031b4"
  integrity sha512-zQVI77AO8P2K+KaTuTJzsBCZsQEoUEu1P/818aI4/fzeZHJ0Vknp0ymnxrKJ29g5LiQXtEKmotWxFZhvorMIgQ==
  dependencies:
    "@abp/core" "~10.2.0"
    malihu-custom-scrollbar-plugin "^3.1.5"

"@abp/moment@~10.2.0":
  version "10.2.0"
  resolved "https://registry.yarnpkg.com/@abp/moment/-/moment-10.2.0.tgz#5accfa425e365a4ac076e414aafd1a34c12216ad"
  integrity sha512-cAzJCCYLCREM5INCgCnR6a2xJl8zvsqwOUiPGTQQd7vm04oxPYxrjZAXvDLG0tcoHkwIqTz6t9fP5RqoT7hvlQ==
  dependencies:
    moment "^2.30.1"

"@abp/popper.js@~10.2.0":
  version "10.2.0"
  resolved "https://registry.yarnpkg.com/@abp/popper.js/-/popper.js-10.2.0.tgz#d7784a34496739939e58cffc4e0aa7e9af94ddb9"
  integrity sha512-6gA9wnMocZvIRH/HCgfpSCXMWMGWngNoPZhByXyVMbDeCqjJ26HE5qY9+AiNbWodjWyOcrCOBTpXeBkhbwgfNQ==
  dependencies:
    "@abp/core" "~10.2.0"
    "@popperjs/core" "^2.11.8"

"@abp/qrcode@~10.2.0":
  version "10.2.0"
  resolved "https://registry.yarnpkg.com/@abp/qrcode/-/qrcode-10.2.0.tgz#10324bfdbaacb36202eb71f094142ba1c8c43e0a"
  integrity sha512-oKRml+iSIGUb20lnFn93N2T/Rg53uKOY5F1vASQ3/32WWt7IfJBe8XVSlgi10txibs9ZfRpMeHWJDdIc1GZR7g==
  dependencies:
    "@abp/core" "~10.2.0"

"@abp/select2@~10.2.0":
  version "10.2.0"
  resolved "https://registry.yarnpkg.com/@abp/select2/-/select2-10.2.0.tgz#a91bb6990105ae1781e4360e3034635c353f9dc2"
  integrity sha512-GuY2/+vXuzKJ3zXUHjOrfZCHIbng5OdBbxOU0LBzZVO1SidD+AJVLGLdwnxiP+pZfbY219PpWoOAFGW5Ipkh3w==
  dependencies:
    "@abp/core" "~10.2.0"
    select2 "^4.0.13"

"@abp/sweetalert2@~10.2.0":
  version "10.2.0"
  resolved "https://registry.yarnpkg.com/@abp/sweetalert2/-/sweetalert2-10.2.0.tgz#5ee2c7c462e40bd18a299ce5acb7820d6c69333f"
  integrity sha512-bY0dtizUfvQhP2sTNbpFEIbVVTj9dHJNzdBfIZ0koVzo/mSnV7gHICOw66IfY87F9ABJzW+4rbxp4Z97oipPAA==
  dependencies:
    "@abp/core" "~10.2.0"
    sweetalert2 "^11.23.0"

"@abp/timeago@~10.2.0":
  version "10.2.0"
  resolved "https://registry.yarnpkg.com/@abp/timeago/-/timeago-10.2.0.tgz#197bb6b84117828e43896eae0415151369611a70"
  integrity sha512-QL1kVsU9KRF5BVVnj0Q+yOBJKPEkypbFmAKPEIxHGOxK+YfF1cRaN1O6kZ8jGT0xc9GmRBbp6i2+K65bDEVoWw==
  dependencies:
    "@abp/jquery" "~10.2.0"
    timeago "^1.6.7"

"@abp/uppy@~10.2.0":
  version "10.2.0"
  resolved "https://registry.yarnpkg.com/@abp/uppy/-/uppy-10.2.0.tgz#25983c3de69e3af5b8bbde1f10943896e5681805"
  integrity sha512-+i0KkoM5gHqSI58FJVyB+QUIVmaq19EdyNGFslyJxISftsKjbRZqA84yQSX7I+IcdswZIvsjucLhuek4efUKkQ==
  dependencies:
    "@abp/core" "~10.2.0"
    uppy "^5.1.2"

"@abp/utils@~10.2.0":
  version "10.2.0"
  resolved "https://registry.yarnpkg.com/@abp/utils/-/utils-10.2.0.tgz#a6f0e25e55e55749aead5fe1ba8acda114bbd6d0"
  integrity sha512-I9Qfn1JZptsoq9fsZe0Ddqgl+l4MPJ09zGl6dH56f+edgb0E8EtaESQKF5lsvJxcbOUzrislTE/UwIridu8iDQ==
  dependencies:
    just-compare "^2.3.0"

"@abp/zxcvbn@~10.2.0":
  version "10.2.0"
  resolved "https://registry.yarnpkg.com/@abp/zxcvbn/-/zxcvbn-10.2.0.tgz#4d26f1564e5922c5b14a5e177382aae09559f419"
  integrity sha512-RA9K7gcyBjcbpLg8JbHztKRoCPnlFimpBPWjE8Lsy3lMVQVxnVhpiGfZ7NneJHYfN+o3qgOr2gVWnTVg9hRm3Q==
  dependencies:
    "@abp/core" "~10.2.0"
    zxcvbn "^4.4.2"

"@fortawesome/fontawesome-free@^7.0.1":
  version "7.2.0"
  resolved "https://registry.yarnpkg.com/@fortawesome/fontawesome-free/-/fontawesome-free-7.2.0.tgz#188c1053ce422ad1f934d7df242a973fcb89636d"
  integrity sha512-3DguDv/oUE+7vjMeTSOjCSG+KeawgVQOHrKRnvUuqYh1mfArrh7s+s8hXW3e4RerBA1+Wh+hBqf8sJNpqNrBWg==

"@popperjs/core@^2.11.8":
  version "2.11.8"
  resolved "https://registry.yarnpkg.com/@popperjs/core/-/core-2.11.8.tgz#6b79032e760a0899cd4204710beede972a3a185f"
  integrity sha512-P1st0aksCrn9sGZhp8GMYwBnQsbvAWsZAX44oXNNvLHGqAOcoVxmjZiohstwQ7SqKnbR47akdNi+uleWD8+g6A==

"@transloadit/prettier-bytes@^0.3.4":
  version "0.3.5"
  resolved "https://registry.yarnpkg.com/@transloadit/prettier-bytes/-/prettier-bytes-0.3.5.tgz#0cca83975293e3f4990229914942c69714122ede"
  integrity sha512-xF4A3d/ZyX2LJWeQZREZQw+qFX4TGQ8bGVP97OLRt6sPO6T0TNHBFTuRHOJh7RNmYOBmQ9MHxpolD9bXihpuVA==

"@transloadit/types@^4.1.3":
  version "4.3.0"
  resolved "https://registry.yarnpkg.com/@transloadit/types/-/types-4.3.0.tgz#865e1d27f9ad1d9fdc57ed7ad96ea118971e8682"
  integrity sha512-kWuHGp4YhWe0upPDIsoMd6LF6UPOgfelOxN0OzDrztILqRqBPShJqe47Dp7InokVTZIwl9J1t32RAPb9oq4iWw==

"@types/retry@0.12.2":
  version "0.12.2"
  resolved "https://registry.yarnpkg.com/@types/retry/-/retry-0.12.2.tgz#ed279a64fa438bb69f2480eda44937912bb7480a"
  integrity sha512-XISRgDJ2Tc5q4TRqvgJtzsRkFYNJzZrhTdtMoGVBttwzzQJkPnS3WWTFc7kuDRoPtPakl+T+OfdEUjYJj7Jbow==

"@uppy/audio@3.1.0":
  version "3.1.0"
  resolved "https://registry.yarnpkg.com/@uppy/audio/-/audio-3.1.0.tgz#3dbbf62ceab1d4384189ae2ef41b5cd1363d6336"
  integrity sha512-149eswgMyLA9zQzIvgDzwtA0O2cWV6UUR1ke4vNDyKC8/9Litg1m8iXjri5bmWVVjaAgNpADmucKPt3vL8a/jg==
  dependencies:
    "@uppy/utils" "^7.1.4"
    preact "^10.5.13"

"@uppy/aws-s3@5.1.0":
  version "5.1.0"
  resolved "https://registry.yarnpkg.com/@uppy/aws-s3/-/aws-s3-5.1.0.tgz#7ffa3534a23ed0a81b7ab0c21a916c1b688cf5fc"
  integrity sha512-UBz+shrtDbnOf11AboDrkc9Fq2Cdf8HbFftE+gqfxig6fkv5rHpHhBCLkl8wCGAq+X/CxdqvvNhm/OM23Uzw2w==
  dependencies:
    "@uppy/companion-client" "^5.1.1"
    "@uppy/utils" "^7.1.4"

"@uppy/box@4.1.0", "@uppy/box@^4.1.0":
  version "4.1.0"
  resolved "https://registry.yarnpkg.com/@uppy/box/-/box-4.1.0.tgz#8f7a540a6907f44a4cde329dbe3bbdaad611d4bb"
  integrity sha512-pWYNBobB1QoaBaKJYTZMB2/asGkJirx+YJa6C0s5/GfgsA2kdVKnMpbzC+Kon6Ss6zBW5Cjj+1J+9rRSkih9GQ==
  dependencies:
    "@uppy/companion-client" "^5.1.1"
    "@uppy/provider-views" "^5.2.0"
    "@uppy/utils" "^7.1.4"
    preact "^10.5.13"

"@uppy/companion-client@5.1.1", "@uppy/companion-client@^5.1.1":
  version "5.1.1"
  resolved "https://registry.yarnpkg.com/@uppy/companion-client/-/companion-client-5.1.1.tgz#5bfeda3312ba2b70e94d4fd73a31d0f7757884c0"
  integrity sha512-DzrOWTbIZHvtgAFXBMYHk2wD27NjpBSVhY2tEiEIUhPd2CxbFRZjHM/N3HOt3VwZEAP471QWFLlJRWPcIY3A2Q==
  dependencies:
    "@uppy/utils" "^7.1.1"
    namespace-emitter "^2.0.1"
    p-retry "^6.1.0"

"@uppy/compressor@3.1.0":
  version "3.1.0"
  resolved "https://registry.yarnpkg.com/@uppy/compressor/-/compressor-3.1.0.tgz#fcab6be0c13a568702f504b45ecee0f23b4594c1"
  integrity sha512-EPCU1j/hvey05/ePPzuqaF7p4fORsc3PNvRGDXrT5fiZv0FCAufY5GZf4OUAiKNHkL59wwxAgMySOTJq7WBZtA==
  dependencies:
    "@transloadit/prettier-bytes" "^0.3.4"
    "@uppy/utils" "^7.1.4"
    compressorjs "^1.2.1"
    preact "^10.5.13"
    promise-queue "^2.2.5"

"@uppy/core@5.2.0":
  version "5.2.0"
  resolved "https://registry.yarnpkg.com/@uppy/core/-/core-5.2.0.tgz#baeb0f9f1ef5bec1882eac912f5a41094af69f84"
  integrity sha512-uvfNyz4cnaplt7LYJmEZHuqOuav0tKp4a9WKJIaH6iIj7XiqYvS2J5SEByexAlUFlzefOAyjzj4Ja2dd/8aMrw==
  dependencies:
    "@transloadit/prettier-bytes" "^0.3.4"
    "@uppy/store-default" "^5.0.0"
    "@uppy/utils" "^7.1.4"
    lodash "^4.17.21"
    mime-match "^1.0.2"
    namespace-emitter "^2.0.1"
    nanoid "^5.0.9"
    preact "^10.5.13"

"@uppy/dashboard@5.1.1", "@uppy/dashboard@^5.1.0":
  version "5.1.1"
  resolved "https://registry.yarnpkg.com/@uppy/dashboard/-/dashboard-5.1.1.tgz#6e95c65c5658e9f85cf5bf8927f544cafe1aa6be"
  integrity sha512-6H/xVvhhdfwp1+FRMp2C+tudyaedqD5+LMDB8Iw20k9+QCL1eGzOh4wXm6MCqJtNfQ1tLaprGMG1jlo7yS/uyw==
  dependencies:
    "@transloadit/prettier-bytes" "^0.3.4"
    "@uppy/provider-views" "^5.2.2"
    "@uppy/thumbnail-generator" "^5.1.0"
    "@uppy/utils" "^7.1.5"
    classnames "^2.2.6"
    lodash "^4.17.23"
    nanoid "^5.0.9"
    preact "^10.26.10"
    shallow-equal "^3.0.0"

"@uppy/drag-drop@5.1.0":
  version "5.1.0"
  resolved "https://registry.yarnpkg.com/@uppy/drag-drop/-/drag-drop-5.1.0.tgz#8ddf101b161ac09c7b3b2c3025ea8a37c4b24e51"
  integrity sha512-P36E6bBc/U8wxooV9IerPpEbrl8i2N3P+twmm5nPywcKHfjS7BtyHUEs2JmWgyRRibI75c2Ge5wWchKtQclEvw==
  dependencies:
    "@uppy/utils" "^7.1.4"
    preact "^10.5.13"

"@uppy/drop-target@4.1.0":
  version "4.1.0"
  resolved "https://registry.yarnpkg.com/@uppy/drop-target/-/drop-target-4.1.0.tgz#878365d6018c8ec1e7e5c68bb007d4783eac182d"
  integrity sha512-QPOwlOfYlf4gOzdj75Mx0YxM0d6Jv1ui2aCERse1pwtIeQGQ0QPe5lmTi0o3p8dTnqACUmoM6SJOpAHQozCSkA==
  dependencies:
    "@uppy/utils" "^7.1.4"

"@uppy/dropbox@5.1.0", "@uppy/dropbox@^5.1.0":
  version "5.1.0"
  resolved "https://registry.yarnpkg.com/@uppy/dropbox/-/dropbox-5.1.0.tgz#debdcb55ac2c710a979c3cca00772eae8b81747d"
  integrity sha512-cCSgMIiBEmO3n7mcKMU/UmAYzUxrfKxe8KXMeIl1OPDdOjXWDtcXf08Qs46Nog8FA+4zrDheqaA+FeSzhfnE/Q==
  dependencies:
    "@uppy/companion-client" "^5.1.1"
    "@uppy/provider-views" "^5.2.0"
    "@uppy/utils" "^7.1.4"
    preact "^10.5.13"

"@uppy/facebook@5.1.0", "@uppy/facebook@^5.1.0":
  version "5.1.0"
  resolved "https://registry.yarnpkg.com/@uppy/facebook/-/facebook-5.1.0.tgz#525ec66cf30225280a3767184ec253a18326f604"
  integrity sha512-beYH0VInYNLpQ3knhCbS6IJAZGGvtZnLstT8Dfj3rWtGHhTa6clNSqfdGripgBzryLC4bXxkI2y7QonY8+h3gA==
  dependencies:
    "@uppy/companion-client" "^5.1.1"
    "@uppy/provider-views" "^5.2.0"
    "@uppy/utils" "^7.1.4"
    preact "^10.5.13"

"@uppy/form@5.1.0":
  version "5.1.0"
  resolved "https://registry.yarnpkg.com/@uppy/form/-/form-5.1.0.tgz#23cecc2965853ea3b26fd8ba1a9b2ee01efa53ba"
  integrity sha512-wu04XyTeWY8vPf5ERe41hp6wdTWQcM/YczQkqFhuQtj0IEAItqZxt89DcbAT8GkXmwyLjbIe0AeXo/Vz10oUpA==
  dependencies:
    "@uppy/utils" "^7.1.4"
    get-form-data "^3.0.0"

"@uppy/golden-retriever@5.2.1":
  version "5.2.1"
  resolved "https://registry.yarnpkg.com/@uppy/golden-retriever/-/golden-retriever-5.2.1.tgz#4a95c3c04d52b715a72586937ad277a2c0ede4e1"
  integrity sha512-R+Lzesfmgu35ViSOxqYxwOVo4ylkIS9xP2ClnhD8k2VTbqdc6RRimaPRqxxI3Vf42qWiRBm4WaG3uHls+wOCqQ==
  dependencies:
    "@uppy/utils" "^7.1.5"
    lodash "^4.17.21"

"@uppy/google-drive-picker@1.1.1":
  version "1.1.1"
  resolved "https://registry.yarnpkg.com/@uppy/google-drive-picker/-/google-drive-picker-1.1.1.tgz#f1a62b7850d60a8c57b7448a463ff094666c1b6f"
  integrity sha512-vPt8c4bcKsrtBZbbWOG73ac9xH2PMBOGt45jy+9vxV/YhXKYVimC0VzgzLSzD7Z4d2KosIod39mveGpFRBMTvQ==
  dependencies:
    "@uppy/companion-client" "^5.1.1"
    "@uppy/provider-views" "^5.2.2"
    "@uppy/utils" "^7.1.5"
    preact "^10.5.13"

"@uppy/google-drive@5.1.0", "@uppy/google-drive@^5.1.0":
  version "5.1.0"
  resolved "https://registry.yarnpkg.com/@uppy/google-drive/-/google-drive-5.1.0.tgz#31caec8fb18c048c79924b244b2f222eeb9b0efc"
  integrity sha512-avspyvCfQgpSvry8xXRIazUv9RhwyubSeDsg9BQaNR1BRFSw5PWVuoX7tIUyoDYtzA8TsxcYvqJuSm4HZYkQcA==
  dependencies:
    "@uppy/companion-client" "^5.1.1"
    "@uppy/provider-views" "^5.2.0"
    "@uppy/utils" "^7.1.4"
    preact "^10.5.13"

"@uppy/google-photos-picker@1.1.0":
  version "1.1.0"
  resolved "https://registry.yarnpkg.com/@uppy/google-photos-picker/-/google-photos-picker-1.1.0.tgz#4d69996de89bad79d3f3b9b255cd64d4e6857ad8"
  integrity sha512-H7xzxzapivRaoot88fZitkBtq7a70EdTo+4RwkHvsQ/1dRmIAhS24X4lOTONORckjP9Tvr+4FHu+1oaLh1i9kQ==
  dependencies:
    "@uppy/companion-client" "^5.1.1"
    "@uppy/provider-views" "^5.2.0"
    "@uppy/utils" "^7.1.4"
    preact "^10.5.13"

"@uppy/image-editor@4.2.0":
  version "4.2.0"
  resolved "https://registry.yarnpkg.com/@uppy/image-editor/-/image-editor-4.2.0.tgz#f27fa679850ccdf8f7643fbf7f3d3efbf70346ee"
  integrity sha512-7Mn40hQMEwy9lufXYfNhSDuY24LUUSSmumXEoivGgUnXsNgcmppyzVjY94/Q6S6yX7Bg3L/sMvayjPXhYwt64A==
  dependencies:
    "@uppy/utils" "^7.1.5"
    cropperjs "^1.6.2"
    preact "^10.26.10"

"@uppy/image-generator@1.0.0":
  version "1.0.0"
  resolved "https://registry.yarnpkg.com/@uppy/image-generator/-/image-generator-1.0.0.tgz#52fd62afa838a3932107b5be0ca8b77eeacee7fd"
  integrity sha512-Fz63Jm8EvEdKsoIO/EcYkQTmY1sVEkzkh7pOVjPIB/EpzXY4xiz7/J4x8hH0whp8wZw8DR7PLPtMqhzNhCKYfw==
  dependencies:
    "@uppy/provider-views" "^5.2.1"
    "@uppy/transloadit" "^5.4.0"
    "@uppy/utils" "^7.1.4"
    preact "^10.5.13"

"@uppy/instagram@5.1.0", "@uppy/instagram@^5.1.0":
  version "5.1.0"
  resolved "https://registry.yarnpkg.com/@uppy/instagram/-/instagram-5.1.0.tgz#ecde1a14f2cfa51e62020a51115f55beb76eb892"
  integrity sha512-FtAA/24zAI/NKut43l1GTrDyUbeXl4+gWDAWNxSc9iVh1VgwILH3n2HMKE5UuVKb3Um27JYfuHVvc0N4pMM1BA==
  dependencies:
    "@uppy/companion-client" "^5.1.1"
    "@uppy/provider-views" "^5.2.0"
    "@uppy/utils" "^7.1.4"
    preact "^10.5.13"

"@uppy/locales@5.1.1":
  version "5.1.1"
  resolved "https://registry.yarnpkg.com/@uppy/locales/-/locales-5.1.1.tgz#375a17cfeea48921cd7785f26421a518cc773918"
  integrity sha512-zSbDU27JzfdssRJoa5/xmGOsrEtS+2Z9j41weaoCa/NoK4wqZzkFNQ0Z44etbTg3PDVFakZVDu/Z+c+vsJCfdQ==
  dependencies:
    "@uppy/utils" "^7.1.5"

"@uppy/onedrive@5.1.0", "@uppy/onedrive@^5.1.0":
  version "5.1.0"
  resolved "https://registry.yarnpkg.com/@uppy/onedrive/-/onedrive-5.1.0.tgz#baa8c70986aa7a1a3ff97292a1c4112796897b42"
  integrity sha512-FWAYesLNl6RDu+Lt+8PBvvXAqlTEmzZrbNmcIrDWaZGCA4iyXvH8suOpdn9VYFpV3JJEI3xwpvu8Lr9vrsGg5g==
  dependencies:
    "@uppy/companion-client" "^5.1.1"
    "@uppy/provider-views" "^5.2.0"
    "@uppy/utils" "^7.1.4"
    preact "^10.5.13"

"@uppy/provider-views@5.2.2", "@uppy/provider-views@^5.2.0", "@uppy/provider-views@^5.2.1", "@uppy/provider-views@^5.2.2":
  version "5.2.2"
  resolved "https://registry.yarnpkg.com/@uppy/provider-views/-/provider-views-5.2.2.tgz#81e66f6983121e115d5d385c8a649f3721e9e10d"
  integrity sha512-NAazIJ5sjrAc6++CeJ/u9dB5gDaaAOLHrYeEmWs/HqLlftlIinRZOybnyzJRXwI8jWI/FK5moluzt2HXu6dPQQ==
  dependencies:
    "@uppy/utils" "^7.1.5"
    classnames "^2.2.6"
    lodash "^4.17.21"
    nanoid "^5.0.9"
    p-queue "^8.0.0"
    preact "^10.5.13"

"@uppy/remote-sources@3.1.0":
  version "3.1.0"
  resolved "https://registry.yarnpkg.com/@uppy/remote-sources/-/remote-sources-3.1.0.tgz#2f7707bceeb458ee5112a9897e816ea91212ca95"
  integrity sha512-TG1jSQVVQVie7eIxxgLxTDVlX4ujdv4qA7w+FyaUvpleBHylT73EpyNguc097UhNZ5Ez4FKtqbjbvNn7zuJTxw==
  dependencies:
    "@uppy/box" "^4.1.0"
    "@uppy/dashboard" "^5.1.0"
    "@uppy/dropbox" "^5.1.0"
    "@uppy/facebook" "^5.1.0"
    "@uppy/google-drive" "^5.1.0"
    "@uppy/instagram" "^5.1.0"
    "@uppy/onedrive" "^5.1.0"
    "@uppy/unsplash" "^5.1.0"
    "@uppy/url" "^5.1.0"
    "@uppy/zoom" "^4.1.0"

"@uppy/screen-capture@5.1.0":
  version "5.1.0"
  resolved "https://registry.yarnpkg.com/@uppy/screen-capture/-/screen-capture-5.1.0.tgz#ca56f26a589d32e789444d80231ef3c781830629"
  integrity sha512-+/AAU6Uxmup+Pzuy8/8S1ZttDAcMLnQleapxQLVpzSeddFCCeM+t6CfQ5tL/huSolz0o4v5rZWNaoUm+m5+wUw==
  dependencies:
    "@uppy/utils" "^7.1.4"
    preact "^10.5.13"

"@uppy/status-bar@5.1.0":
  version "5.1.0"
  resolved "https://registry.yarnpkg.com/@uppy/status-bar/-/status-bar-5.1.0.tgz#7b35580c7614267b161b901ab5aacfef53ec06ad"
  integrity sha512-0rq+t/i++bbWdgXF6VfsLRF49mxtdf8PIZ62rmRbK+X3HvZdCA4RVWeZlMk+hfAP9th9g9a1rn5lkhAImr/XgQ==
  dependencies:
    "@transloadit/prettier-bytes" "^0.3.4"
    "@uppy/utils" "^7.1.4"
    classnames "^2.2.6"
    preact "^10.5.13"

"@uppy/store-default@5.0.0", "@uppy/store-default@^5.0.0":
  version "5.0.0"
  resolved "https://registry.yarnpkg.com/@uppy/store-default/-/store-default-5.0.0.tgz#2466162857a999b8c99051426e5f412e2f34cb26"
  integrity sha512-hQtCSQ1yGiaval/wVYUWquYGDJ+bpQ7e4FhUUAsRQz1x1K+o7NBtjfp63O9I4Ks1WRoKunpkarZ+as09l02cPw==

"@uppy/thumbnail-generator@5.1.0", "@uppy/thumbnail-generator@^5.1.0":
  version "5.1.0"
  resolved "https://registry.yarnpkg.com/@uppy/thumbnail-generator/-/thumbnail-generator-5.1.0.tgz#6537f327ba5eeb32b72b681ed667b900c4e26a3a"
  integrity sha512-QAKJHHkMrD/30GOyUb5U9HyJ7Ie3jiMLp4pVdw27PoA4pNV7fDQz0tyDeRPj2H+BWPEB1NsTSSfHI2pjHNI+OQ==
  dependencies:
    "@uppy/utils" "^7.1.4"
    exifr "^7.0.0"

"@uppy/transloadit@5.5.1", "@uppy/transloadit@^5.4.0":
  version "5.5.1"
  resolved "https://registry.yarnpkg.com/@uppy/transloadit/-/transloadit-5.5.1.tgz#406a8bcf6d4062d086e00ec56094912bf9792605"
  integrity sha512-nzgZ/u90hMzbsCj/44pVepUXtbOvpIbWAHLRLbSTUbQUfwR6o8o5s59IFmFUQ3uLYdunW4DDaOkEdNb7hRLmEw==
  dependencies:
    "@transloadit/types" "^4.1.3"
    "@uppy/tus" "^5.1.1"
    "@uppy/utils" "^7.2.0"
    component-emitter "^2.0.0"

"@uppy/tus@5.1.1", "@uppy/tus@^5.1.1":
  version "5.1.1"
  resolved "https://registry.yarnpkg.com/@uppy/tus/-/tus-5.1.1.tgz#2bd6673ac1c2a504685a641736f36c9a8208f798"
  integrity sha512-316kLQfO5H/uUJIMhBYhBrTpeN0Q+d6ykW3pomCvdTkFGCvg20rF3oH/owE3lf2UZZN7ZqBk+wHO0WlQePoklg==
  dependencies:
    "@uppy/companion-client" "^5.1.1"
    "@uppy/utils" "^7.1.5"
    tus-js-client "^4.2.3"

"@uppy/unsplash@5.1.0", "@uppy/unsplash@^5.1.0":
  version "5.1.0"
  resolved "https://registry.yarnpkg.com/@uppy/unsplash/-/unsplash-5.1.0.tgz#5611835a7a3100339486ece6a7b17afafdeb7c94"
  integrity sha512-LGWTY54DTWxmQSet0EghRG/MoOabPoCUf1gCyxL9MXhSN+TfjFbQuVVUHqtnVN3shFAZSUv7bVTQlLrrM9hkzg==
  dependencies:
    "@uppy/companion-client" "^5.1.1"
    "@uppy/provider-views" "^5.2.0"
    "@uppy/utils" "^7.1.4"
    preact "^10.5.13"

"@uppy/url@5.1.0", "@uppy/url@^5.1.0":
  version "5.1.0"
  resolved "https://registry.yarnpkg.com/@uppy/url/-/url-5.1.0.tgz#7732a6bb54edd171b99c56f1c9624c321405368a"
  integrity sha512-MAzSboTDjU7tMP/8AvgDHt+UixxsajI/QWZ6/6d43z6G01+Js8ZNth/j6HStjM5v4K6e3/521SxAaP2hoZk6IQ==
  dependencies:
    "@uppy/companion-client" "^5.1.1"
    "@uppy/utils" "^7.1.4"
    nanoid "^5.0.9"
    preact "^10.5.13"

"@uppy/utils@^7.1.1", "@uppy/utils@^7.1.4", "@uppy/utils@^7.1.5", "@uppy/utils@^7.2.0":
  version "7.2.0"
  resolved "https://registry.yarnpkg.com/@uppy/utils/-/utils-7.2.0.tgz#10212e92d8b57ff9d854276d056e98fdcd4643c9"
  integrity sha512-6lC246qszMv6bTyl/+QyHwrudgeguWkA94ME1wHn+a6uRAvmtAEaUManIfGqTJfoKvWAiCJqdJPl5xRJjhAloQ==
  dependencies:
    lodash "^4.17.23"
    preact "^10.26.10"

"@uppy/webcam@5.1.0":
  version "5.1.0"
  resolved "https://registry.yarnpkg.com/@uppy/webcam/-/webcam-5.1.0.tgz#9a4d820278fc1923a87013255d23c67140768179"
  integrity sha512-SHI+yiNrD4JrTFhQPyt7Mi9nL5r5YDwyXtYXuSRM3URB0etKes6u02MKY5GEn2LEpCSqSceXUi84Prig7UWYIw==
  dependencies:
    "@uppy/utils" "^7.1.4"
    is-mobile "^4.0.0"
    preact "^10.5.13"

"@uppy/webdav@1.1.1":
  version "1.1.1"
  resolved "https://registry.yarnpkg.com/@uppy/webdav/-/webdav-1.1.1.tgz#dd6a780fdc5a5aba6282f4a7d0141ef0c3bf2045"
  integrity sha512-QEtjLjNo5XH16aww0rX2rRNF1eboqtqfnNkRH28+jJe1gt2PH7ZcPkCw3ROFzyxzbQPC9ABo7kvWAEKL3dH72g==
  dependencies:
    "@uppy/companion-client" "^5.1.1"
    "@uppy/provider-views" "^5.2.1"
    "@uppy/utils" "^7.1.4"
    preact "^10.5.13"

"@uppy/xhr-upload@5.2.0":
  version "5.2.0"
  resolved "https://registry.yarnpkg.com/@uppy/xhr-upload/-/xhr-upload-5.2.0.tgz#f8a6b98bad3ec7678433dc6bfa0b4b5c6855652c"
  integrity sha512-3LV/X5Of6BINnKplP+CwUJ0a4/7cRFfzxwGyXnW+uCrNQHoo09dttcz3begWHejGvzenQHuUnMO3Fxyc71Pryg==
  dependencies:
    "@uppy/companion-client" "^5.1.1"
    "@uppy/utils" "^7.2.0"

"@uppy/zoom@4.1.0", "@uppy/zoom@^4.1.0":
  version "4.1.0"
  resolved "https://registry.yarnpkg.com/@uppy/zoom/-/zoom-4.1.0.tgz#a81a042f03f6bf00c79890e2a62047b7c1813898"
  integrity sha512-roW/Zz0n8WDxSIg5rOO2Kp0rapE2z/U4ZVQdRFYhM3MMMQV0YW6CiUWgWOU4jtsdvAqsNisdEmbPAgSRSZK3ug==
  dependencies:
    "@uppy/companion-client" "^5.1.1"
    "@uppy/provider-views" "^5.2.0"
    "@uppy/utils" "^7.1.4"
    preact "^10.5.13"

"@volo/abp.aspnetcore.mvc.ui.theme.commercial@~10.2.0":
  version "10.2.0"
  resolved "https://registry.yarnpkg.com/@volo/abp.aspnetcore.mvc.ui.theme.commercial/-/abp.aspnetcore.mvc.ui.theme.commercial-10.2.0.tgz#ab5e3d174fb0d03ad3fefae33fe7bc1ff430b648"
  integrity sha512-Z7+Q74rt+ltS0NYSCOJ++6v3SCbC2+Y60kaQtgTMWimuTnOohkkB4sREMvW1RD3oqVWbEtChZIX8sRCvujFN2g==
  dependencies:
    "@abp/aspnetcore.mvc.ui.theme.shared" "~10.2.0"

"@volo/abp.aspnetcore.mvc.ui.theme.leptonx@~5.2.0":
  version "5.2.0"
  resolved "https://registry.yarnpkg.com/@volo/abp.aspnetcore.mvc.ui.theme.leptonx/-/abp.aspnetcore.mvc.ui.theme.leptonx-5.2.0.tgz#f660069d7d3ddd9ad6cd11933d1a130c4f1cb2c3"
  integrity sha512-7c75ReqDTtIezDMOYZBd7Rlrzz+yfznaiVy530rpyKR3e5LjK/kGUonEUC3e7z8OkwsypF2e8R2pjri9cyPP6g==
  dependencies:
    "@volo/abp.aspnetcore.mvc.ui.theme.commercial" "~10.2.0"

"@volo/account@~10.2.0":
  version "10.2.0"
  resolved "https://registry.yarnpkg.com/@volo/account/-/account-10.2.0.tgz#a88bd4ee521c2ec03c8bfb8c7208b489412e1a49"
  integrity sha512-QAbA8gZ73gH6CfIxHjFLw0Ew0fV+Q5t1cs3dmjhtXjh4dvtlSPY/AA0Pf9+YrUWhMBThiGz1wLNGvH3AY87ldw==
  dependencies:
    "@abp/cropperjs" "~10.2.0"
    "@abp/qrcode" "~10.2.0"
    "@abp/uppy" "~10.2.0"
    "@abp/zxcvbn" "~10.2.0"
    "@volo/abp.aspnetcore.mvc.ui.theme.commercial" "~10.2.0"

ansi-colors@^4.1.3:
  version "4.1.3"
  resolved "https://registry.yarnpkg.com/ansi-colors/-/ansi-colors-4.1.3.tgz#37611340eb2243e70cc604cad35d63270d48781b"
  integrity sha512-/6w/C21Pm1A7aZitlI5Ni/2J6FFQN8i1Cvz3kHABAAbw93v/NlvKdVOqz7CCWz/3iv/JplRSEEZ83XION15ovw==

blueimp-canvas-to-blob@^3.29.0:
  version "3.29.0"
  resolved "https://registry.yarnpkg.com/blueimp-canvas-to-blob/-/blueimp-canvas-to-blob-3.29.0.tgz#d965f06cb1a67fdae207a2be56683f55ef531466"
  integrity sha512-0pcSSGxC0QxT+yVkivxIqW0Y4VlO2XSDPofBAqoJ1qJxgH9eiUDLv50Rixij2cDuEfx4M6DpD9UGZpRhT5Q8qg==

bootstrap-datepicker@^1.10.1:
  version "1.10.1"
  resolved "https://registry.yarnpkg.com/bootstrap-datepicker/-/bootstrap-datepicker-1.10.1.tgz#0a8bec42957ea1ce1272b91bcf2b53696629fb86"
  integrity sha512-GIe+fsLp9Hi30oW7L2v2Q9/a4+aojrIA2p4ZagtLuKw2lpfQgjJjM0L6vl/lYQydGXWUbpoKbEC/O5tzWIkEKQ==
  dependencies:
    jquery ">=3.4.0 <4.0.0"

bootstrap-daterangepicker@^3.1.0:
  version "3.1.0"
  resolved "https://registry.yarnpkg.com/bootstrap-daterangepicker/-/bootstrap-daterangepicker-3.1.0.tgz#632e6fb2de4b6360c5c0a9d5f6adb9aace051fe8"
  integrity sha512-oaQZx6ZBDo/dZNyXGVi2rx5GmFXThyQLAxdtIqjtLlYVaQUfQALl5JZMJJZzyDIX7blfy4ppZPAJ10g8Ma4d/g==
  dependencies:
    jquery ">=1.10"
    moment "^2.9.0"

bootstrap@^5.3.8:
  version "5.3.8"
  resolved "https://registry.yarnpkg.com/bootstrap/-/bootstrap-5.3.8.tgz#6401a10057a22752d21f4e19055508980656aeed"
  integrity sha512-HP1SZDqaLDPwsNiqRqi5NcP0SSXciX2s9E+RyqJIIqGo+vJeN5AJVM98CXmW/Wux0nQ5L7jeWUdplCEf0Ee+tg==

buffer-from@^1.1.2:
  version "1.1.2"
  resolved "https://registry.yarnpkg.com/buffer-from/-/buffer-from-1.1.2.tgz#2b146a6fd72e80b4f55d255f35ed59a3a9a41bd5"
  integrity sha512-E+XQCRwSbaaiChtv6k6Dwgc+bx+Bs6vuKJHHl5kox/BaKbhiXzqQOwK4cO22yElGp2OCmjwVhT3HmxgyPGnJfQ==

classnames@^2.2.6:
  version "2.5.1"
  resolved "https://registry.yarnpkg.com/classnames/-/classnames-2.5.1.tgz#ba774c614be0f016da105c858e7159eae8e7687b"
  integrity sha512-saHYOzhIQs6wy2sVxTM6bUDsQO4F50V9RQ22qBpEdCW+I+/Wmke2HOl6lS6dTpdxVhb88/I6+Hs+438c3lfUow==

combine-errors@^3.0.3:
  version "3.0.3"
  resolved "https://registry.yarnpkg.com/combine-errors/-/combine-errors-3.0.3.tgz#f4df6740083e5703a3181110c2b10551f003da86"
  integrity sha512-C8ikRNRMygCwaTx+Ek3Yr+OuZzgZjduCOfSQBjbM8V3MfgcjSTeto/GXP6PAwKvJz/v15b7GHZvx5rOlczFw/Q==
  dependencies:
    custom-error-instance "2.1.1"
    lodash.uniqby "4.5.0"

component-emitter@^2.0.0:
  version "2.0.0"
  resolved "https://registry.yarnpkg.com/component-emitter/-/component-emitter-2.0.0.tgz#3a137dfe66fcf2efe3eab7cb7d5f51741b3620c6"
  integrity sha512-4m5s3Me2xxlVKG9PkZpQqHQR7bgpnN7joDMJ4yvVkVXngjoITG76IaZmzmywSeRTeTpc6N6r3H3+KyUurV8OYw==

compressorjs@^1.2.1:
  version "1.3.0"
  resolved "https://registry.yarnpkg.com/compressorjs/-/compressorjs-1.3.0.tgz#0511f985baf0ad6b29893a565aef8ca75e8ca785"
  integrity sha512-TsvzkRgDm/6mIRUdxJbrTH7kfSW3oJzOw8b1xU60fziQSosTML5TczpO6Z4H1LGF0yRmTotk6r5UNhuRxEwA1A==
  dependencies:
    blueimp-canvas-to-blob "^3.29.0"
    is-blob "^2.1.0"

cropperjs@^1.6.2:
  version "1.6.2"
  resolved "https://registry.yarnpkg.com/cropperjs/-/cropperjs-1.6.2.tgz#d1a5d627d880581cca41b7901f06923500e4201b"
  integrity sha512-nhymn9GdnV3CqiEHJVai54TULFAE3VshJTXSqSJKa8yXAKyBKDWdhHarnlIPrshJ0WMFTGuFvG02YjLXfPiuOA==

custom-error-instance@2.1.1:
  version "2.1.1"
  resolved "https://registry.yarnpkg.com/custom-error-instance/-/custom-error-instance-2.1.1.tgz#3cf6391487a6629a6247eb0ca0ce00081b7e361a"
  integrity sha512-p6JFxJc3M4OTD2li2qaHkDCw9SfMw82Ldr6OC9Je1aXiGfhx2W8p3GaoeaGrPJTUN9NirTM/KTxHWMUdR1rsUg==

datatables.net-bs5@^2.3.4:
  version "2.3.7"
  resolved "https://registry.yarnpkg.com/datatables.net-bs5/-/datatables.net-bs5-2.3.7.tgz#ddef957ee23b03c2d4bc1d48735b39c6182e5d53"
  integrity sha512-RiCEMpMXDBeMDwjSrMpmcXDU6mibRMuOn7Wk7k3SlOfLEY3FQHO7S2m+K7teXYeaNlCLyjJMU+6BUUwlBCpLFw==
  dependencies:
    datatables.net "2.3.7"
    jquery ">=1.7"

datatables.net@2.3.7, datatables.net@^2.3.4:
  version "2.3.7"
  resolved "https://registry.yarnpkg.com/datatables.net/-/datatables.net-2.3.7.tgz#3cd34f6f5d1f40a46b5a20a4ba32604bdbcd6738"
  integrity sha512-AvsjG/Nkp6OxeyBKYZauemuzQCPogE1kOtKwG4sYjvdqGCSLiGaJagQwXv4YxG+ts5vaJr6qKGG9ec3g6vTo3w==
  dependencies:
    jquery ">=1.7"

eventemitter3@^5.0.1:
  version "5.0.4"
  resolved "https://registry.yarnpkg.com/eventemitter3/-/eventemitter3-5.0.4.tgz#a86d66170433712dde814707ac52b5271ceb1feb"
  integrity sha512-mlsTRyGaPBjPedk6Bvw+aqbsXDtoAyAzm5MO7JgU+yVRyMQ5O8bD4Kcci7BS85f93veegeCPkL8R4GLClnjLFw==

exifr@^7.0.0:
  version "7.1.3"
  resolved "https://registry.yarnpkg.com/exifr/-/exifr-7.1.3.tgz#f6218012c36dbb7d843222011b27f065fddbab6f"
  integrity sha512-g/aje2noHivrRSLbAUtBPWFbxKdKhgj/xr1vATDdUXPOFYJlQ62Ft0oy+72V6XLIpDJfHs6gXLbBLAolqOXYRw==

get-form-data@^3.0.0:
  version "3.0.0"
  resolved "https://registry.yarnpkg.com/get-form-data/-/get-form-data-3.0.0.tgz#7abbf0e75e5ff155f75ba26eadeb9a4d70bf95dc"
  integrity sha512-1d53Kn08wlPuLu31/boF1tW2WRYKw3xAWae3mqcjqpDjoqVBtXolbQnudbbEFyFWL7+2SLGRAFdotxNY06V7MA==

graceful-fs@^4.2.4:
  version "4.2.11"
  resolved "https://registry.yarnpkg.com/graceful-fs/-/graceful-fs-4.2.11.tgz#4183e4e8bf08bb6e05bbb2f7d2e0c8f712ca40e3"
  integrity sha512-RbJ5/jmFcNNCcDV5o9eTnBLJ/HszWV0P73bc+Ff4nS/rJj+YaS6IGyiOL0VoBYX+l1Wrl3k63h/KrH+nhJ0XvQ==

is-blob@^2.1.0:
  version "2.1.0"
  resolved "https://registry.yarnpkg.com/is-blob/-/is-blob-2.1.0.tgz#e36cd82c90653f1e1b930f11baf9c64216a05385"
  integrity sha512-SZ/fTft5eUhQM6oF/ZaASFDEdbFVe89Imltn9uZr03wdKMcWNVYSMjQPFtg05QuNkt5l5c135ElvXEQG0rk4tw==

is-mobile@^4.0.0:
  version "4.0.0"
  resolved "https://registry.yarnpkg.com/is-mobile/-/is-mobile-4.0.0.tgz#bba396eb9656e2739afde3053d7191da310fc758"
  integrity sha512-mlcHZA84t1qLSuWkt2v0I2l61PYdyQDt4aG1mLIXF5FDMm4+haBCxCPYSr/uwqQNRk1MiTizn0ypEuRAOLRAew==

is-network-error@^1.0.0:
  version "1.3.1"
  resolved "https://registry.yarnpkg.com/is-network-error/-/is-network-error-1.3.1.tgz#a2a86b80ffd6b05b774755c73c8aaab16597e58d"
  integrity sha512-6QCxa49rQbmUWLfk0nuGqzql9U8uaV2H6279bRErPBHe/109hCzsLUBUHfbEtvLIHBd6hyXbgedBSHevm43Edw==

is-stream@^2.0.0:
  version "2.0.1"
  resolved "https://registry.yarnpkg.com/is-stream/-/is-stream-2.0.1.tgz#fac1e3d53b97ad5a9d0ae9cef2389f5810a5c077"
  integrity sha512-hFoiJiTl63nn+kstHGBtewWSKnQLpyb155KHheA1l39uvtO9nWIop1p3udqPcUd/xbF1VLMO4n7OI6p7RbngDg==

jquery-mousewheel@>=3.0.6:
  version "3.2.2"
  resolved "https://registry.yarnpkg.com/jquery-mousewheel/-/jquery-mousewheel-3.2.2.tgz#48c833f6260ee0c46d438a999e7d0060ec9eed0b"
  integrity sha512-JP71xTAg08ZY3hcs9ZbYUZ5i+dkSsz4yRl/zpWkAmtzc+kMs5EfPkpkINSidiLYMaR0MTo3DfFGF9WIezMsFQQ==
  dependencies:
    jquery ">=1.2.6"

jquery-validation-unobtrusive@^4.0.0:
  version "4.0.0"
  resolved "https://registry.yarnpkg.com/jquery-validation-unobtrusive/-/jquery-validation-unobtrusive-4.0.0.tgz#dfcf25a558496a2c883db6021d10f5398d15f99d"
  integrity sha512-1ervYFFv6LX/rp7ktuLnMakHNG0piNRDyROI8Ir3hL1vPIwylAehB1AY3BPrYJnzW3WmwWryZq+Bz4sazZK9iQ==
  dependencies:
    jquery "^3.6.0"
    jquery-validation ">=1.19"

jquery-validation@>=1.19, jquery-validation@^1.21.0:
  version "1.22.1"
  resolved "https://registry.yarnpkg.com/jquery-validation/-/jquery-validation-1.22.1.tgz#fc1ae3256110332c929245a44d69ee76fee0e481"
  integrity sha512-ePLXLWK7Rh5eR652YsuIu7YPeGlCXrsJUteVw5iZopiU17yaMd3FaDggs6yyNMl56p8TYVeDRmKGK3fPZrMeQw==

jquery@3.7.1, jquery@>=1.10, jquery@>=1.2.6, "jquery@>=1.5.0 <4.0", jquery@>=1.7, "jquery@>=3.4.0 <4.0.0", jquery@^3.6.0, jquery@~3.7.1:
  version "3.7.1"
  resolved "https://registry.yarnpkg.com/jquery/-/jquery-3.7.1.tgz#083ef98927c9a6a74d05a6af02806566d16274de"
  integrity sha512-m4avr8yL8kmFN8psrbFFFmB/If14iN5o9nw/NgnnM+kybDJpRsAynV2BsfpTYrTRysYUdADVD7CkUUizgkpLfg==

js-base64@^3.7.2:
  version "3.7.8"
  resolved "https://registry.yarnpkg.com/js-base64/-/js-base64-3.7.8.tgz#af44496bc09fa178ed9c4adf67eb2b46f5c6d2a4"
  integrity sha512-hNngCeKxIUQiEUN3GPJOkz4wF/YvdUdbNL9hsBcMQTkKzboD7T/q3OYOuuPZLUE6dBxSGpwhk5mwuDud7JVAow==

just-compare@^2.3.0:
  version "2.3.0"
  resolved "https://registry.yarnpkg.com/just-compare/-/just-compare-2.3.0.tgz#a2adcc1d1940536263275f5a1ef1298bcacfeda7"
  integrity sha512-6shoR7HDT+fzfL3gBahx1jZG3hWLrhPAf+l7nCwahDdT9XDtosB9kIF0ZrzUp5QY8dJWfQVr5rnsPqsbvflDzg==

lodash._baseiteratee@~4.7.0:
  version "4.7.0"
  resolved "https://registry.yarnpkg.com/lodash._baseiteratee/-/lodash._baseiteratee-4.7.0.tgz#34a9b5543572727c3db2e78edae3c0e9e66bd102"
  integrity sha512-nqB9M+wITz0BX/Q2xg6fQ8mLkyfF7MU7eE+MNBNjTHFKeKaZAPEzEg+E8LWxKWf1DQVflNEn9N49yAuqKh2mWQ==
  dependencies:
    lodash._stringtopath "~4.8.0"

lodash._basetostring@~4.12.0:
  version "4.12.0"
  resolved "https://registry.yarnpkg.com/lodash._basetostring/-/lodash._basetostring-4.12.0.tgz#9327c9dc5158866b7fa4b9d42f4638e5766dd9df"
  integrity sha512-SwcRIbyxnN6CFEEK4K1y+zuApvWdpQdBHM/swxP962s8HIxPO3alBH5t3m/dl+f4CMUug6sJb7Pww8d13/9WSw==

lodash._baseuniq@~4.6.0:
  version "4.6.0"
  resolved "https://registry.yarnpkg.com/lodash._baseuniq/-/lodash._baseuniq-4.6.0.tgz#0ebb44e456814af7905c6212fa2c9b2d51b841e8"
  integrity sha512-Ja1YevpHZctlI5beLA7oc5KNDhGcPixFhcqSiORHNsp/1QTv7amAXzw+gu4YOvErqVlMVyIJGgtzeepCnnur0A==
  dependencies:
    lodash._createset "~4.0.0"
    lodash._root "~3.0.0"

lodash._createset@~4.0.0:
  version "4.0.3"
  resolved "https://registry.yarnpkg.com/lodash._createset/-/lodash._createset-4.0.3.tgz#0f4659fbb09d75194fa9e2b88a6644d363c9fe26"
  integrity sha512-GTkC6YMprrJZCYU3zcqZj+jkXkrXzq3IPBcF/fIPpNEAB4hZEtXU8zp/RwKOvZl43NUmwDbyRk3+ZTbeRdEBXA==

lodash._root@~3.0.0:
  version "3.0.1"
  resolved "https://registry.yarnpkg.com/lodash._root/-/lodash._root-3.0.1.tgz#fba1c4524c19ee9a5f8136b4609f017cf4ded692"
  integrity sha512-O0pWuFSK6x4EXhM1dhZ8gchNtG7JMqBtrHdoUFUWXD7dJnNSUze1GuyQr5sOs0aCvgGeI3o/OJW8f4ca7FDxmQ==

lodash._stringtopath@~4.8.0:
  version "4.8.0"
  resolved "https://registry.yarnpkg.com/lodash._stringtopath/-/lodash._stringtopath-4.8.0.tgz#941bcf0e64266e5fc1d66fed0a6959544c576824"
  integrity sha512-SXL66C731p0xPDC5LZg4wI5H+dJo/EO4KTqOMwLYCH3+FmmfAKJEZCm6ohGpI+T1xwsDsJCfL4OnhorllvlTPQ==
  dependencies:
    lodash._basetostring "~4.12.0"

lodash.throttle@^4.1.1:
  version "4.1.1"
  resolved "https://registry.yarnpkg.com/lodash.throttle/-/lodash.throttle-4.1.1.tgz#c23e91b710242ac70c37f1e1cda9274cc39bf2f4"
  integrity sha512-wIkUCfVKpVsWo3JSZlc+8MB5it+2AN5W8J7YVMST30UrvcQNZ1Okbj+rbVniijTWE6FGYy4XJq/rHkas8qJMLQ==

lodash.uniqby@4.5.0:
  version "4.5.0"
  resolved "https://registry.yarnpkg.com/lodash.uniqby/-/lodash.uniqby-4.5.0.tgz#a3a17bbf62eeb6240f491846e97c1c4e2a5e1e21"
  integrity sha512-IRt7cfTtHy6f1aRVA5n7kT8rgN3N1nH6MOWLcHfpWG2SH19E3JksLK38MktLxZDhlAjCP9jpIXkOnRXlu6oByQ==
  dependencies:
    lodash._baseiteratee "~4.7.0"
    lodash._baseuniq "~4.6.0"

lodash@^4.17.21, lodash@^4.17.23:
  version "4.18.1"
  resolved "https://registry.yarnpkg.com/lodash/-/lodash-4.18.1.tgz#ff2b66c1f6326d59513de2407bf881439812771c"
  integrity sha512-dMInicTPVE8d1e5otfwmmjlxkZoUpiVLwyeTdUsi/Caj/gfzzblBcCE5sRHV/AsjuCmxWrte2TNGSYuCeCq+0Q==

luxon@^3.7.2:
  version "3.7.2"
  resolved "https://registry.yarnpkg.com/luxon/-/luxon-3.7.2.tgz#d697e48f478553cca187a0f8436aff468e3ba0ba"
  integrity sha512-vtEhXh/gNjI9Yg1u4jX/0YVPMvxzHuGgCm6tC5kZyb08yjGWGnqAjGJvcXbqQR2P3MyMEFnRbpcdFS6PBcLqew==

malihu-custom-scrollbar-plugin@^3.1.5:
  version "3.1.5"
  resolved "https://registry.yarnpkg.com/malihu-custom-scrollbar-plugin/-/malihu-custom-scrollbar-plugin-3.1.5.tgz#310cecc5e59415a1c29e9dfb5d2b6e01d66a29ef"
  integrity sha512-lwW3LgI+CNDMPnP4ED2la6oYxWMkCXlnhex+s2wuOLhFDFGnGmQuTQVdRK9bvDLpxs10sGlfErVufJy9ztfgJQ==
  dependencies:
    jquery-mousewheel ">=3.0.6"

mime-match@^1.0.2:
  version "1.0.2"
  resolved "https://registry.yarnpkg.com/mime-match/-/mime-match-1.0.2.tgz#3f87c31e9af1a5fd485fb9db134428b23bbb7ba8"
  integrity sha512-VXp/ugGDVh3eCLOBCiHZMYWQaTNUHv2IJrut+yXA6+JbLPXHglHwfS/5A5L0ll+jkCY7fIzRJcH6OIunF+c6Cg==
  dependencies:
    wildcard "^1.1.0"

moment@^2.30.1, moment@^2.9.0:
  version "2.30.1"
  resolved "https://registry.yarnpkg.com/moment/-/moment-2.30.1.tgz#f8c91c07b7a786e30c59926df530b4eac96974ae"
  integrity sha512-uEmtNhbDOrWPFS+hdjFCBfy9f2YoyzRpwcl+DqpC6taX21FzsTLQVbMV/W7PzNSX6x/bhC1zA3c2UQ5NzH6how==

namespace-emitter@^2.0.1:
  version "2.0.1"
  resolved "https://registry.yarnpkg.com/namespace-emitter/-/namespace-emitter-2.0.1.tgz#978d51361c61313b4e6b8cf6f3853d08dfa2b17c"
  integrity sha512-N/sMKHniSDJBjfrkbS/tpkPj4RAbvW3mr8UAzvlMHyun93XEm83IAvhWtJVHo+RHn/oO8Job5YN4b+wRjSVp5g==

nanoid@^5.0.9:
  version "5.1.7"
  resolved "https://registry.yarnpkg.com/nanoid/-/nanoid-5.1.7.tgz#a9f09a4ce73ba0b88830af36ee49666bad7827b6"
  integrity sha512-ua3NDgISf6jdwezAheMOk4mbE1LXjm1DfMUDMuJf4AqxLFK3ccGpgWizwa5YV7Yz9EpXwEaWoRXSb/BnV0t5dQ==

p-queue@^8.0.0:
  version "8.1.1"
  resolved "https://registry.yarnpkg.com/p-queue/-/p-queue-8.1.1.tgz#dac3e8c57412fffa18fe6c341b141dbb3a16408b"
  integrity sha512-aNZ+VfjobsWryoiPnEApGGmf5WmNsCo9xu8dfaYamG5qaLP7ClhLN6NgsFe6SwJ2UbLEBK5dv9x8Mn5+RVhMWQ==
  dependencies:
    eventemitter3 "^5.0.1"
    p-timeout "^6.1.2"

p-retry@^6.1.0:
  version "6.2.1"
  resolved "https://registry.yarnpkg.com/p-retry/-/p-retry-6.2.1.tgz#81828f8dc61c6ef5a800585491572cc9892703af"
  integrity sha512-hEt02O4hUct5wtwg4H4KcWgDdm+l1bOaEy/hWzd8xtXB9BqxTWBBhb+2ImAtH4Cv4rPjV76xN3Zumqk3k3AhhQ==
  dependencies:
    "@types/retry" "0.12.2"
    is-network-error "^1.0.0"
    retry "^0.13.1"

p-timeout@^6.1.2:
  version "6.1.4"
  resolved "https://registry.yarnpkg.com/p-timeout/-/p-timeout-6.1.4.tgz#418e1f4dd833fa96a2e3f532547dd2abdb08dbc2"
  integrity sha512-MyIV3ZA/PmyBN/ud8vV9XzwTrNtR4jFrObymZYnZqMmW0zA8Z17vnT0rBgFE/TlohB+YCHqXMgZzb3Csp49vqg==

preact@^10.26.10, preact@^10.5.13:
  version "10.29.1"
  resolved "https://registry.yarnpkg.com/preact/-/preact-10.29.1.tgz#2a5b936efe91cfe1e773cdb55dceb55d148d1d4b"
  integrity sha512-gQCLc/vWroE8lIpleXtdJhTFDogTdZG9AjMUpVkDf2iTCNwYNWA+u16dL41TqUDJO4gm2IgrcMv3uTpjd4Pwmg==

promise-queue@^2.2.5:
  version "2.2.5"
  resolved "https://registry.yarnpkg.com/promise-queue/-/promise-queue-2.2.5.tgz#2f6f5f7c0f6d08109e967659c79b88a9ed5e93b4"
  integrity sha512-p/iXrPSVfnqPft24ZdNNLECw/UrtLTpT3jpAAMzl/o5/rDsGCPo3/CQS2611flL6LkoEJ3oQZw7C8Q80ZISXRQ==

proper-lockfile@^4.1.2:
  version "4.1.2"
  resolved "https://registry.yarnpkg.com/proper-lockfile/-/proper-lockfile-4.1.2.tgz#c8b9de2af6b2f1601067f98e01ac66baa223141f"
  integrity sha512-TjNPblN4BwAWMXU8s9AEz4JmQxnD1NNL7bNOY/AKUzyamc379FWASUhc/K1pL2noVb+XmZKLL68cjzLsiOAMaA==
  dependencies:
    graceful-fs "^4.2.4"
    retry "^0.12.0"
    signal-exit "^3.0.2"

querystringify@^2.1.1:
  version "2.2.0"
  resolved "https://registry.yarnpkg.com/querystringify/-/querystringify-2.2.0.tgz#3345941b4153cb9d082d8eee4cda2016a9aef7f6"
  integrity sha512-FIqgj2EUvTa7R50u0rGsyTftzjYmv/a3hO345bZNrqabNqjtgiDMgmo4mkUjd+nzU5oF3dClKqFIPUKybUyqoQ==

requires-port@^1.0.0:
  version "1.0.0"
  resolved "https://registry.yarnpkg.com/requires-port/-/requires-port-1.0.0.tgz#925d2601d39ac485e091cf0da5c6e694dc3dcaff"
  integrity sha512-KigOCHcocU3XODJxsu8i/j8T9tzT4adHiecwORRQ0ZZFcp7ahwXuRU1m+yuO90C5ZUyGeGfocHDI14M3L3yDAQ==

retry@^0.12.0:
  version "0.12.0"
  resolved "https://registry.yarnpkg.com/retry/-/retry-0.12.0.tgz#1b42a6266a21f07421d1b0b54b7dc167b01c013b"
  integrity sha512-9LkiTwjUh6rT555DtE9rTX+BKByPfrMzEAtnlEtdEwr3Nkffwiihqe2bWADg+OQRjt9gl6ICdmB/ZFDCGAtSow==

retry@^0.13.1:
  version "0.13.1"
  resolved "https://registry.yarnpkg.com/retry/-/retry-0.13.1.tgz#185b1587acf67919d63b357349e03537b2484658"
  integrity sha512-XQBQ3I8W1Cge0Seh+6gjj03LbmRFWuoszgK9ooCpwYIrhhoO80pfq4cUkU5DkknwfOfFteRwlZ56PYOGYyFWdg==

select2@^4.0.13:
  version "4.0.13"
  resolved "https://registry.yarnpkg.com/select2/-/select2-4.0.13.tgz#0dbe377df3f96167c4c1626033e924372d8ef44d"
  integrity sha512-1JeB87s6oN/TDxQQYCvS5EFoQyvV6eYMZZ0AeA4tdFDYWN3BAGZ8npr17UBFddU0lgAt3H0yjX3X6/ekOj1yjw==

shallow-equal@^3.0.0:
  version "3.1.0"
  resolved "https://registry.yarnpkg.com/shallow-equal/-/shallow-equal-3.1.0.tgz#e7a54bac629c7f248eff6c2f5b63122ba4320bec"
  integrity sha512-pfVOw8QZIXpMbhBWvzBISicvToTiM5WBF1EeAUZDDSb5Dt29yl4AYbyywbJFSEsRUMr7gJaxqCdr4L3tQf9wVg==

signal-exit@^3.0.2:
  version "3.0.7"
  resolved "https://registry.yarnpkg.com/signal-exit/-/signal-exit-3.0.7.tgz#a9a1767f8af84155114eaabd73f99273c8f59ad9"
  integrity sha512-wnD2ZE+l+SPC/uoS0vXeE9L1+0wuaMqKlfz9AMUo38JsyLSBWSFcHR1Rri62LZc12vLr1gb3jl7iwQhgwpAbGQ==

sweetalert2@^11.23.0:
  version "11.26.24"
  resolved "https://registry.yarnpkg.com/sweetalert2/-/sweetalert2-11.26.24.tgz#25e5ba2b3e6725cec71acddd31832cefe61c8263"
  integrity sha512-SLgukW4wicewpW5VOukSXY5Z6DL/z7HCOK2ODSjmQPiSphCN8gJAmh9npoceXOtBRNoDN0xIz+zHYthtfiHmjg==

timeago@^1.6.7:
  version "1.6.7"
  resolved "https://registry.yarnpkg.com/timeago/-/timeago-1.6.7.tgz#afd467c29a911e697fc22a81888c7c3022783cb5"
  integrity sha512-FikcjN98+ij0siKH4VO4dZ358PR3oDDq4Vdl1+sN9gWz1/+JXGr3uZbUShYH/hL7bMhcTpPbplJU5Tej4b4jbQ==
  dependencies:
    jquery ">=1.5.0 <4.0"

tus-js-client@^4.2.3:
  version "4.3.1"
  resolved "https://registry.yarnpkg.com/tus-js-client/-/tus-js-client-4.3.1.tgz#2f9a47fba006206fb0d08c649fa01254944d5d87"
  integrity sha512-ZLeYmjrkaU1fUsKbIi8JML52uAocjEZtBx4DKjRrqzrZa0O4MYwT6db+oqePlspV+FxXJAyFBc/L5gwUi2OFsg==
  dependencies:
    buffer-from "^1.1.2"
    combine-errors "^3.0.3"
    is-stream "^2.0.0"
    js-base64 "^3.7.2"
    lodash.throttle "^4.1.1"
    proper-lockfile "^4.1.2"
    url-parse "^1.5.7"

uppy@^5.1.2:
  version "5.2.4"
  resolved "https://registry.yarnpkg.com/uppy/-/uppy-5.2.4.tgz#f55071c3998654fc35b66e0d7e704eb5f38f97a1"
  integrity sha512-1btgAGUb7Tu7GympmA9XkyGcXBSM93d1FA36J6pY4lr6a0jMXfvFUg66Dbnm/Xaq6sFvm8KwSPJF46d8Ng0E8Q==
  dependencies:
    "@uppy/audio" "3.1.0"
    "@uppy/aws-s3" "5.1.0"
    "@uppy/box" "4.1.0"
    "@uppy/companion-client" "5.1.1"
    "@uppy/compressor" "3.1.0"
    "@uppy/core" "5.2.0"
    "@uppy/dashboard" "5.1.1"
    "@uppy/drag-drop" "5.1.0"
    "@uppy/drop-target" "4.1.0"
    "@uppy/dropbox" "5.1.0"
    "@uppy/facebook" "5.1.0"
    "@uppy/form" "5.1.0"
    "@uppy/golden-retriever" "5.2.1"
    "@uppy/google-drive" "5.1.0"
    "@uppy/google-drive-picker" "1.1.1"
    "@uppy/google-photos-picker" "1.1.0"
    "@uppy/image-editor" "4.2.0"
    "@uppy/image-generator" "1.0.0"
    "@uppy/instagram" "5.1.0"
    "@uppy/locales" "5.1.1"
    "@uppy/onedrive" "5.1.0"
    "@uppy/provider-views" "5.2.2"
    "@uppy/remote-sources" "3.1.0"
    "@uppy/screen-capture" "5.1.0"
    "@uppy/status-bar" "5.1.0"
    "@uppy/store-default" "5.0.0"
    "@uppy/thumbnail-generator" "5.1.0"
    "@uppy/transloadit" "5.5.1"
    "@uppy/tus" "5.1.1"
    "@uppy/unsplash" "5.1.0"
    "@uppy/url" "5.1.0"
    "@uppy/webcam" "5.1.0"
    "@uppy/webdav" "1.1.1"
    "@uppy/xhr-upload" "5.2.0"
    "@uppy/zoom" "4.1.0"

url-parse@^1.5.7:
  version "1.5.10"
  resolved "https://registry.yarnpkg.com/url-parse/-/url-parse-1.5.10.tgz#9d3c2f736c1d75dd3bd2be507dcc111f1e2ea9c1"
  integrity sha512-WypcfiRhfeUP9vvF0j6rw0J3hrWrw6iZv3+22h6iRMJ/8z1Tj6XfLP4DsUix5MhMPnXpiHDoKyoZ/bdCkwBCiQ==
  dependencies:
    querystringify "^2.1.1"
    requires-port "^1.0.0"

wildcard@^1.1.0:
  version "1.1.2"
  resolved "https://registry.yarnpkg.com/wildcard/-/wildcard-1.1.2.tgz#a7020453084d8cd2efe70ba9d3696263de1710a5"
  integrity sha512-DXukZJxpHA8LuotRwL0pP1+rS6CS7FF2qStDDE1C7DDg2rLud2PXRMuEDYIPhgEezwnlHNL4c+N6MfMTjCGTng==

zxcvbn@^4.4.2:
  version "4.4.2"
  resolved "https://registry.yarnpkg.com/zxcvbn/-/zxcvbn-4.4.2.tgz#28ec17cf09743edcab056ddd8b1b06262cc73c30"
  integrity sha512-Bq0B+ixT/DMyG8kgX2xWcI5jUvCwqrMxSFam7m0lAf78nf04hv6lNCsyLYdyYTrCVMqNDY/206K7eExYCeSyUQ==
